<?xml version="1.0" encoding="utf-8"?>
<Project ToolsVersion="4.0" xmlns="http://schemas.microsoft.com/developer/msbuild/2003">
  <ItemGroup>
    <Filter Include="源文件">
      <UniqueIdentifier>{4FC737F1-C7A5-4376-A066-2A32D752A2FF}</UniqueIdentifier>
      <Extensions>cpp;c;cc;cxx;def;odl;idl;hpj;bat;asm;asmx</Extensions>
    </Filter>
    <Filter Include="头文件">
      <UniqueIdentifier>{93995380-89BD-4b04-88EB-625FBE52EBFB}</UniqueIdentifier>
      <Extensions>h;hh;hpp;hxx;hm;inl;inc;xsd</Extensions>
    </Filter>
    <Filter Include="资源文件">
      <UniqueIdentifier>{67DA6AB6-F800-4c08-8B7A-83BB121AAD01}</UniqueIdentifier>
      <Extensions>rc;ico;cur;bmp;dlg;rc2;rct;bin;rgs;gif;jpg;jpeg;jpe;resx;tiff;tif;png;wav;mfcribbon-ms</Extensions>
    </Filter>
  </ItemGroup>
  <ItemGroup>
    <Text Include="ReadMe.txt" />
  </ItemGroup>
  <ItemGroup>
    <ClCompile Include="..\lua514\lapi.c">
      <Filter>源文件</Filter>
    </ClCompile>
    <ClCompile Include="..\lua514\lauxlib.c">
      <Filter>源文件</Filter>
    </ClCompile>
    <ClCompile Include="..\lua514\lbaselib.c">
      <Filter>源文件</Filter>
    </ClCompile>
    <ClCompile Include="..\lua514\lcode.c">
      <Filter>源文件</Filter>
    </ClCompile>
    <ClCompile Include="..\lua514\ldblib.c">
      <Filter>源文件</Filter>
    </ClCompile>
    <ClCompile Include="..\lua514\ldebug.c">
      <Filter>源文件</Filter>
    </ClCompile>
    <ClCompile Include="..\lua514\ldo.c">
      <Filter>源文件</Filter>
    </ClCompile>
    <ClCompile Include="..\lua514\ldump.c">
      <Filter>源文件</Filter>
    </ClCompile>
    <ClCompile Include="..\lua514\lfunc.c">
      <Filter>源文件</Filter>
    </ClCompile>
    <ClCompile Include="..\lua514\lgc.c">
      <Filter>源文件</Filter>
    </ClCompile>
    <ClCompile Include="..\lua514\linit.c">
      <Filter>源文件</Filter>
    </ClCompile>
    <ClCompile Include="..\lua514\liolib.c">
      <Filter>源文件</Filter>
    </ClCompile>
    <ClCompile Include="..\lua514\llex.c">
      <Filter>源文件</Filter>
    </ClCompile>
    <ClCompile Include="..\lua514\lmathlib.c">
      <Filter>源文件</Filter>
    </ClCompile>
    <ClCompile Include="..\lua514\lmem.c">
      <Filter>源文件</Filter>
    </ClCompile>
    <ClCompile Include="..\lua514\loadlib.c">
      <Filter>源文件</Filter>
    </ClCompile>
    <ClCompile Include="..\lua514\lobject.c">
      <Filter>源文件</Filter>
    </ClCompile>
    <ClCompile Include="..\lua514\lopcodes.c">
      <Filter>源文件</Filter>
    </ClCompile>
    <ClCompile Include="..\lua514\loslib.c">
      <Filter>源文件</Filter>
    </ClCompile>
    <ClCompile Include="..\lua514\lparser.c">
      <Filter>源文件</Filter>
    </ClCompile>
    <ClCompile Include="..\lua514\lstate.c">
      <Filter>源文件</Filter>
    </ClCompile>
    <ClCompile Include="..\lua514\lstring.c">
      <Filter>源文件</Filter>
    </ClCompile>
    <ClCompile Include="..\lua514\lstrlib.c">
      <Filter>源文件</Filter>
    </ClCompile>
    <ClCompile Include="..\lua514\ltable.c">
      <Filter>源文件</Filter>
    </ClCompile>
    <ClCompile Include="..\lua514\ltablib.c">
      <Filter>源文件</Filter>
    </ClCompile>
    <ClCompile Include="..\lua514\ltm.c">
      <Filter>源文件</Filter>
    </ClCompile>
    <ClCompile Include="..\lua514\lua.c">
      <Filter>源文件</Filter>
    </ClCompile>
    <ClCompile Include="..\lua514\luac.c">
      <Filter>源文件</Filter>
    </ClCompile>
    <ClCompile Include="..\lua514\lundump.c">
      <Filter>源文件</Filter>
    </ClCompile>
    <ClCompile Include="..\lua514\lvm.c">
      <Filter>源文件</Filter>
    </ClCompile>
    <ClCompile Include="..\lua514\lzio.c">
      <Filter>源文件</Filter>
    </ClCompile>
    <ClCompile Include="..\lua514\print.c">
      <Filter>源文件</Filter>
    </ClCompile>
  </ItemGroup>
  <ItemGroup>
    <ClInclude Include="..\lua514\lapi.h">
      <Filter>头文件</Filter>
    </ClInclude>
    <ClInclude Include="..\lua514\lauxlib.h">
      <Filter>头文件</Filter>
    </ClInclude>
    <ClInclude Include="..\lua514\lcode.h">
      <Filter>头文件</Filter>
    </ClInclude>
    <ClInclude Include="..\lua514\ldebug.h">
      <Filter>头文件</Filter>
    </ClInclude>
    <ClInclude Include="..\lua514\ldo.h">
      <Filter>头文件</Filter>
    </ClInclude>
    <ClInclude Include="..\lua514\lfunc.h">
      <Filter>头文件</Filter>
    </ClInclude>
    <ClInclude Include="..\lua514\lgc.h">
      <Filter>头文件</Filter>
    </ClInclude>
    <ClInclude Include="..\lua514\llex.h">
      <Filter>头文件</Filter>
    </ClInclude>
    <ClInclude Include="..\lua514\llimits.h">
      <Filter>头文件</Filter>
    </ClInclude>
    <ClInclude Include="..\lua514\lmem.h">
      <Filter>头文件</Filter>
    </ClInclude>
    <ClInclude Include="..\lua514\lobject.h">
      <Filter>头文件</Filter>
    </ClInclude>
    <ClInclude Include="..\lua514\lopcodes.h">
      <Filter>头文件</Filter>
    </ClInclude>
    <ClInclude Include="..\lua514\lparser.h">
      <Filter>头文件</Filter>
    </ClInclude>
    <ClInclude Include="..\lua514\lstate.h">
      <Filter>头文件</Filter>
    </ClInclude>
    <ClInclude Include="..\lua514\lstring.h">
      <Filter>头文件</Filter>
    </ClInclude>
    <ClInclude Include="..\lua514\ltable.h">
      <Filter>头文件</Filter>
    </ClInclude>
    <ClInclude Include="..\lua514\ltm.h">
      <Filter>头文件</Filter>
    </ClInclude>
    <ClInclude Include="..\lua514\lua.h">
      <Filter>头文件</Filter>
    </ClInclude>
    <ClInclude Include="..\lua514\lua.hpp">
      <Filter>头文件</Filter>
    </ClInclude>
    <ClInclude Include="..\lua514\luaconf.h">
      <Filter>头文件</Filter>
    </ClInclude>
    <ClInclude Include="..\lua514\lualib.h">
      <Filter>头文件</Filter>
    </ClInclude>
    <ClInclude Include="..\lua514\lundump.h">
      <Filter>头文件</Filter>
    </ClInclude>
    <ClInclude Include="..\lua514\lvm.h">
      <Filter>头文件</Filter>
    </ClInclude>
    <ClInclude Include="..\lua514\lzio.h">
      <Filter>头文件</Filter>
    </ClInclude>
  </ItemGroup>
  <ItemGroup>
    <None Include="..\lua514\Makefile" />
  </ItemGroup>
</Project>